
Microsoft Visual Studio Solution File, Format Version 12.00
# Visual Studio Version 16
VisualStudioVersion = 16.0.29709.97
MinimumVisualStudioVersion = 10.0.40219.1
Project("{FAE04EC0-301F-11D3-BF4B-00C04F79EFBC}") = "SpeechRecognition", "SpeechRecognition.csproj", "{12BF1A98-15E7-4FE6-BB34-FB674E985CB2}"
EndProject
Global
	GlobalSection(SolutionConfigurationPlatforms) = preSolution
		Debug|Any CPU = Debug|Any CPU
		Release|Any CPU = Release|Any CPU
	EndGlobalSection
	GlobalSection(ProjectConfigurationPlatforms) = postSolution
		{12BF1A98-15E7-4FE6-BB34-FB674E985CB2}.Debug|Any CPU.ActiveCfg = Debug|Any CPU
		{12BF1A98-15E7-4FE6-BB34-FB674E985CB2}.Debug|Any CPU.Build.0 = Debug|Any CPU
		{12BF1A98-15E7-4FE6-BB34-FB674E985CB2}.Release|Any CPU.ActiveCfg = Release|Any CPU
		{12BF1A98-15E7-4FE6-BB34-FB674E985CB2}.Release|Any CPU.Build.0 = Release|Any CPU
	EndGlobalSection
	GlobalSection(SolutionProperties) = preSolution
		HideSolutionNode = FALSE
	EndGlobalSection
	GlobalSection(ExtensibilityGlobals) = postSolution
		SolutionGuid = {CAA8941C-DC3C-4D9B-871A-FBCE96E719CB}
	EndGlobalSection
EndGlobal
